
Microsoft Visual Studio Solution File, Format Version 12.00
# Visual Studio Version 17
VisualStudioVersion = 17.5.002.0
MinimumVisualStudioVersion = 10.0.40219.1
Project("{9A19103F-16F7-4668-BE54-9A1E7A4F7556}") = "Library", "Library\Library.csproj", "{172FB52E-85E1-4572-B8B5-9414212EA369}"
EndProject
Project("{9A19103F-16F7-4668-BE54-9A1E7A4F7556}") = "SRP", "Program\SRP.csproj", "{116B66F4-01A3-4F37-A268-9AD0DECFCF5F}"
EndProject
Global
	GlobalSection(SolutionConfigurationPlatforms) = preSolution
		Debug|Any CPU = Debug|Any CPU
		Release|Any CPU = Release|Any CPU
	EndGlobalSection
	GlobalSection(ProjectConfigurationPlatforms) = postSolution
		{172FB52E-85E1-4572-B8B5-9414212EA369}.Debug|Any CPU.ActiveCfg = Debug|Any CPU
		{172FB52E-85E1-4572-B8B5-9414212EA369}.Debug|Any CPU.Build.0 = Debug|Any CPU
		{172FB52E-85E1-4572-B8B5-9414212EA369}.Release|Any CPU.ActiveCfg = Release|Any CPU
		{172FB52E-85E1-4572-B8B5-9414212EA369}.Release|Any CPU.Build.0 = Release|Any CPU
		{116B66F4-01A3-4F37-A268-9AD0DECFCF5F}.Debug|Any CPU.ActiveCfg = Debug|Any CPU
		{116B66F4-01A3-4F37-A268-9AD0DECFCF5F}.Debug|Any CPU.Build.0 = Debug|Any CPU
		{116B66F4-01A3-4F37-A268-9AD0DECFCF5F}.Release|Any CPU.ActiveCfg = Release|Any CPU
		{116B66F4-01A3-4F37-A268-9AD0DECFCF5F}.Release|Any CPU.Build.0 = Release|Any CPU
	EndGlobalSection
	GlobalSection(SolutionProperties) = preSolution
		HideSolutionNode = FALSE
	EndGlobalSection
	GlobalSection(ExtensibilityGlobals) = postSolution
		SolutionGuid = {ED026FBB-027C-45C3-8364-247E6C04C66E}
	EndGlobalSection
EndGlobal
